dependencies:
- name: postgresql
  repository: https://kubernetes-charts.storage.googleapis.com
  version: 7.7.2
- name: postgresql
  repository: https://kubernetes-charts.storage.googleapis.com
  version: 7.7.2
- name: nginx-ingress
  repository: https://kubernetes-charts.storage.googleapis.com
  version: 1.27.0
- name: keycloak
  repository: https://codecentric.github.io/helm-charts
  version: 7.4.0
- name: kafka
  repository: https://charts.bitnami.com/bitnami
  version: 7.2.9
digest: sha256:9f9b4a73ff2444a93b43338d74bb48ef7f88082d40119229cae4da6d74f9da3f
generated: "2020-04-03T12:53:24.265998+02:00"
